// !$*UTF8*$!
{
	archiveVersion = 1;
	classes = {
	};
	objectVersion = 56;
	objects = {

/* Begin PBXBuildFile section */
		A17C65C52B518D8F00BD616E /* SignInCustomButton.swift in Sources */ = {isa = PBXBuildFile; fileRef = A17C65C42B518D8F00BD616E /* SignInCustomButton.swift */; };
		A18A83CF2B51FC9B0026F308 /* LoginRootView.swift in Sources */ = {isa = PBXBuildFile; fileRef = A18A83CE2B51FC9B0026F308 /* LoginRootView.swift */; };
		A18A83D12B52029F0026F308 /* PasswordConditionView.swift in Sources */ = {isa = PBXBuildFile; fileRef = A18A83D02B52029F0026F308 /* PasswordConditionView.swift */; };
		756DDC912B516DB3005AF1A5 /* LiveTextFromCameraScan.swift in Sources */ = {isa = PBXBuildFile; fileRef = 756DDC902B516DB3005AF1A5 /* LiveTextFromCameraScan.swift */; };
		756DDC932B516FDA005AF1A5 /* DataScannerVC.swift in Sources */ = {isa = PBXBuildFile; fileRef = 756DDC922B516FDA005AF1A5 /* DataScannerVC.swift */; };
		75D780302B4F289400AA4202 /* IBanDetailView.swift in Sources */ = {isa = PBXBuildFile; fileRef = 75D7802F2B4F289400AA4202 /* IBanDetailView.swift */; };
		75D780332B4F2EEA00AA4202 /* IBanNumberView.swift in Sources */ = {isa = PBXBuildFile; fileRef = 75D780322B4F2EEA00AA4202 /* IBanNumberView.swift */; };
		75D780352B4F376F00AA4202 /* IBanNumberViewModel.swift in Sources */ = {isa = PBXBuildFile; fileRef = 75D780342B4F376F00AA4202 /* IBanNumberViewModel.swift */; };
		75D780372B4F3F5200AA4202 /* View.swift in Sources */ = {isa = PBXBuildFile; fileRef = 75D780362B4F3F5200AA4202 /* View.swift */; };
		75D780392B4F545700AA4202 /* AddIBanView.swift in Sources */ = {isa = PBXBuildFile; fileRef = 75D780382B4F545700AA4202 /* AddIBanView.swift */; };
		75D7803C2B500E5700AA4202 /* ActionButton.swift in Sources */ = {isa = PBXBuildFile; fileRef = 75D7803B2B500E5700AA4202 /* ActionButton.swift */; };
		A1D0ACE82B4F110B0018FC1D /* AppDelegate.swift in Sources */ = {isa = PBXBuildFile; fileRef = A1D0ACE72B4F110B0018FC1D /* AppDelegate.swift */; };
		A1D0ACEA2B4F110B0018FC1D /* SceneDelegate.swift in Sources */ = {isa = PBXBuildFile; fileRef = A1D0ACE92B4F110B0018FC1D /* SceneDelegate.swift */; };
		A1D0ACEC2B4F110B0018FC1D /* ViewController.swift in Sources */ = {isa = PBXBuildFile; fileRef = A1D0ACEB2B4F110B0018FC1D /* ViewController.swift */; };
		A1D0ACF12B4F110D0018FC1D /* Assets.xcassets in Resources */ = {isa = PBXBuildFile; fileRef = A1D0ACF02B4F110D0018FC1D /* Assets.xcassets */; };
		A1D0ACF42B4F110D0018FC1D /* LaunchScreen.storyboard in Resources */ = {isa = PBXBuildFile; fileRef = A1D0ACF22B4F110D0018FC1D /* LaunchScreen.storyboard */; };
		A1D0ACFD2B4F12580018FC1D /* Person.swift in Sources */ = {isa = PBXBuildFile; fileRef = A1D0ACFC2B4F12580018FC1D /* Person.swift */; };
		A1D0AD022B4F12AB0018FC1D /* Color.swift in Sources */ = {isa = PBXBuildFile; fileRef = A1D0AD012B4F12AB0018FC1D /* Color.swift */; };
		A1D0AD052B4F13300018FC1D /* TestView.swift in Sources */ = {isa = PBXBuildFile; fileRef = A1D0AD042B4F13300018FC1D /* TestView.swift */; };
		A1D0AD072B4F14410018FC1D /* FlowCoordinator.swift in Sources */ = {isa = PBXBuildFile; fileRef = A1D0AD062B4F14410018FC1D /* FlowCoordinator.swift */; };
		A1D0AD092B4F149D0018FC1D /* TestDetailView.swift in Sources */ = {isa = PBXBuildFile; fileRef = A1D0AD082B4F149D0018FC1D /* TestDetailView.swift */; };
		A1D0AD0D2B4F310B0018FC1D /* LoginView.swift in Sources */ = {isa = PBXBuildFile; fileRef = A1D0AD0C2B4F310B0018FC1D /* LoginView.swift */; };
		A1D0AD0F2B4F33320018FC1D /* InputView.swift in Sources */ = {isa = PBXBuildFile; fileRef = A1D0AD0E2B4F33320018FC1D /* InputView.swift */; };
		A1D0AD112B4F3B2D0018FC1D /* RegistrationView.swift in Sources */ = {isa = PBXBuildFile; fileRef = A1D0AD102B4F3B2D0018FC1D /* RegistrationView.swift */; };
		A1D8110C2B50100F006997EA /* SettingsRowView.swift in Sources */ = {isa = PBXBuildFile; fileRef = A1D8110B2B50100F006997EA /* SettingsRowView.swift */; };
		A1D8110E2B5010FB006997EA /* ProfileView.swift in Sources */ = {isa = PBXBuildFile; fileRef = A1D8110D2B5010FB006997EA /* ProfileView.swift */; };
		A1D811102B5012BC006997EA /* User.swift in Sources */ = {isa = PBXBuildFile; fileRef = A1D8110F2B5012BC006997EA /* User.swift */; };
		A1D811122B5016C8006997EA /* GoogleService-Info.plist in Resources */ = {isa = PBXBuildFile; fileRef = A1D811112B5016C8006997EA /* GoogleService-Info.plist */; };
		A1D811212B50185C006997EA /* FirebaseAuth in Frameworks */ = {isa = PBXBuildFile; productRef = A1D811202B50185C006997EA /* FirebaseAuth */; };
		A1D8112D2B50185C006997EA /* FirebaseFirestore in Frameworks */ = {isa = PBXBuildFile; productRef = A1D8112C2B50185C006997EA /* FirebaseFirestore */; };
		A1D811312B50185C006997EA /* FirebaseFirestoreSwift in Frameworks */ = {isa = PBXBuildFile; productRef = A1D811302B50185C006997EA /* FirebaseFirestoreSwift */; };
		A1D811472B50185C006997EA /* FirebaseStorage in Frameworks */ = {isa = PBXBuildFile; productRef = A1D811462B50185C006997EA /* FirebaseStorage */; };
		A1D8114C2B501BAE006997EA /* LoginViewModel.swift in Sources */ = {isa = PBXBuildFile; fileRef = A1D8114B2B501BAE006997EA /* LoginViewModel.swift */; };
/* End PBXBuildFile section */

/* Begin PBXFileReference section */
		A17C65C42B518D8F00BD616E /* SignInCustomButton.swift */ = {isa = PBXFileReference; lastKnownFileType = sourcecode.swift; path = SignInCustomButton.swift; sourceTree = "<group>"; };
		A18A83CE2B51FC9B0026F308 /* LoginRootView.swift */ = {isa = PBXFileReference; lastKnownFileType = sourcecode.swift; path = LoginRootView.swift; sourceTree = "<group>"; };
		A18A83D02B52029F0026F308 /* PasswordConditionView.swift */ = {isa = PBXFileReference; lastKnownFileType = sourcecode.swift; path = PasswordConditionView.swift; sourceTree = "<group>"; };
		F193DF2B2B5139BA00781D8D /* AddListViewModel.swift in Sources */ = {isa = PBXBuildFile; fileRef = F193DF2A2B5139BA00781D8D /* AddListViewModel.swift */; };
		F193DF2D2B5139FB00781D8D /* AddListView.swift in Sources */ = {isa = PBXBuildFile; fileRef = F193DF2C2B5139FB00781D8D /* AddListView.swift */; };
		D5F1E4902B4F4A50002E47A0 /* PeopleListView.swift in Sources */ = {isa = PBXBuildFile; fileRef = D5F1E48F2B4F4A50002E47A0 /* PeopleListView.swift */; };
		D5F1E4922B4F4A94002E47A0 /* PeopleListViewModel.swift in Sources */ = {isa = PBXBuildFile; fileRef = D5F1E4912B4F4A94002E47A0 /* PeopleListViewModel.swift */; };
		D5F1E4962B508A71002E47A0 /* PersonView.swift in Sources */ = {isa = PBXBuildFile; fileRef = D5F1E4952B508A71002E47A0 /* PersonView.swift */; };
		D5F1E4992B50B394002E47A0 /* HeaderView.swift in Sources */ = {isa = PBXBuildFile; fileRef = D5F1E4982B50B394002E47A0 /* HeaderView.swift */; };
/* End PBXBuildFile section */

/* Begin PBXFileReference section */
		756DDC902B516DB3005AF1A5 /* LiveTextFromCameraScan.swift */ = {isa = PBXFileReference; lastKnownFileType = sourcecode.swift; path = LiveTextFromCameraScan.swift; sourceTree = "<group>"; };
		756DDC922B516FDA005AF1A5 /* DataScannerVC.swift */ = {isa = PBXFileReference; lastKnownFileType = sourcecode.swift; path = DataScannerVC.swift; sourceTree = "<group>"; };
		75D7802F2B4F289400AA4202 /* IBanDetailView.swift */ = {isa = PBXFileReference; lastKnownFileType = sourcecode.swift; path = IBanDetailView.swift; sourceTree = "<group>"; };
		75D780322B4F2EEA00AA4202 /* IBanNumberView.swift */ = {isa = PBXFileReference; lastKnownFileType = sourcecode.swift; path = IBanNumberView.swift; sourceTree = "<group>"; };
		75D780342B4F376F00AA4202 /* IBanNumberViewModel.swift */ = {isa = PBXFileReference; lastKnownFileType = sourcecode.swift; path = IBanNumberViewModel.swift; sourceTree = "<group>"; };
		75D780362B4F3F5200AA4202 /* View.swift */ = {isa = PBXFileReference; lastKnownFileType = sourcecode.swift; path = View.swift; sourceTree = "<group>"; };
		75D780382B4F545700AA4202 /* AddIBanView.swift */ = {isa = PBXFileReference; lastKnownFileType = sourcecode.swift; path = AddIBanView.swift; sourceTree = "<group>"; };
		75D7803B2B500E5700AA4202 /* ActionButton.swift */ = {isa = PBXFileReference; lastKnownFileType = sourcecode.swift; path = ActionButton.swift; sourceTree = "<group>"; };
		A1D0ACE42B4F110B0018FC1D /* IBanSaverApp.app */ = {isa = PBXFileReference; explicitFileType = wrapper.application; includeInIndex = 0; path = IBanSaverApp.app; sourceTree = BUILT_PRODUCTS_DIR; };
		A1D0ACE72B4F110B0018FC1D /* AppDelegate.swift */ = {isa = PBXFileReference; lastKnownFileType = sourcecode.swift; path = AppDelegate.swift; sourceTree = "<group>"; };
		A1D0ACE92B4F110B0018FC1D /* SceneDelegate.swift */ = {isa = PBXFileReference; lastKnownFileType = sourcecode.swift; path = SceneDelegate.swift; sourceTree = "<group>"; };
		A1D0ACEB2B4F110B0018FC1D /* ViewController.swift */ = {isa = PBXFileReference; lastKnownFileType = sourcecode.swift; path = ViewController.swift; sourceTree = "<group>"; };
		A1D0ACF02B4F110D0018FC1D /* Assets.xcassets */ = {isa = PBXFileReference; lastKnownFileType = folder.assetcatalog; path = Assets.xcassets; sourceTree = "<group>"; };
		A1D0ACF32B4F110D0018FC1D /* Base */ = {isa = PBXFileReference; lastKnownFileType = file.storyboard; name = Base; path = Base.lproj/LaunchScreen.storyboard; sourceTree = "<group>"; };
		A1D0ACF52B4F110D0018FC1D /* Info.plist */ = {isa = PBXFileReference; lastKnownFileType = text.plist.xml; path = Info.plist; sourceTree = "<group>"; };
		A1D0ACFC2B4F12580018FC1D /* Person.swift */ = {isa = PBXFileReference; lastKnownFileType = sourcecode.swift; path = Person.swift; sourceTree = "<group>"; };
		A1D0AD012B4F12AB0018FC1D /* Color.swift */ = {isa = PBXFileReference; lastKnownFileType = sourcecode.swift; path = Color.swift; sourceTree = "<group>"; };
		A1D0AD042B4F13300018FC1D /* TestView.swift */ = {isa = PBXFileReference; lastKnownFileType = sourcecode.swift; path = TestView.swift; sourceTree = "<group>"; };
		A1D0AD062B4F14410018FC1D /* FlowCoordinator.swift */ = {isa = PBXFileReference; lastKnownFileType = sourcecode.swift; path = FlowCoordinator.swift; sourceTree = "<group>"; };
		A1D0AD082B4F149D0018FC1D /* TestDetailView.swift */ = {isa = PBXFileReference; lastKnownFileType = sourcecode.swift; path = TestDetailView.swift; sourceTree = "<group>"; };
		A1D0AD0C2B4F310B0018FC1D /* LoginView.swift */ = {isa = PBXFileReference; lastKnownFileType = sourcecode.swift; path = LoginView.swift; sourceTree = "<group>"; };
		A1D0AD0E2B4F33320018FC1D /* InputView.swift */ = {isa = PBXFileReference; lastKnownFileType = sourcecode.swift; path = InputView.swift; sourceTree = "<group>"; };
		A1D0AD102B4F3B2D0018FC1D /* RegistrationView.swift */ = {isa = PBXFileReference; lastKnownFileType = sourcecode.swift; path = RegistrationView.swift; sourceTree = "<group>"; };
		A1D8110B2B50100F006997EA /* SettingsRowView.swift */ = {isa = PBXFileReference; lastKnownFileType = sourcecode.swift; path = SettingsRowView.swift; sourceTree = "<group>"; };
		A1D8110D2B5010FB006997EA /* ProfileView.swift */ = {isa = PBXFileReference; lastKnownFileType = sourcecode.swift; path = ProfileView.swift; sourceTree = "<group>"; };
		A1D8110F2B5012BC006997EA /* User.swift */ = {isa = PBXFileReference; lastKnownFileType = sourcecode.swift; path = User.swift; sourceTree = "<group>"; };
		A1D811112B5016C8006997EA /* GoogleService-Info.plist */ = {isa = PBXFileReference; lastKnownFileType = text.plist; path = "GoogleService-Info.plist"; sourceTree = SOURCE_ROOT; };
		A1D8114B2B501BAE006997EA /* LoginViewModel.swift */ = {isa = PBXFileReference; lastKnownFileType = sourcecode.swift; path = LoginViewModel.swift; sourceTree = "<group>"; };
		F193DF2A2B5139BA00781D8D /* AddListViewModel.swift */ = {isa = PBXFileReference; lastKnownFileType = sourcecode.swift; path = AddListViewModel.swift; sourceTree = "<group>"; };
		F193DF2C2B5139FB00781D8D /* AddListView.swift */ = {isa = PBXFileReference; lastKnownFileType = sourcecode.swift; path = AddListView.swift; sourceTree = "<group>"; };
		D5F1E48F2B4F4A50002E47A0 /* PeopleListView.swift */ = {isa = PBXFileReference; lastKnownFileType = sourcecode.swift; path = PeopleListView.swift; sourceTree = "<group>"; };
		D5F1E4912B4F4A94002E47A0 /* PeopleListViewModel.swift */ = {isa = PBXFileReference; lastKnownFileType = sourcecode.swift; path = PeopleListViewModel.swift; sourceTree = "<group>"; };
		D5F1E4952B508A71002E47A0 /* PersonView.swift */ = {isa = PBXFileReference; lastKnownFileType = sourcecode.swift; path = PersonView.swift; sourceTree = "<group>"; };
		D5F1E4982B50B394002E47A0 /* HeaderView.swift */ = {isa = PBXFileReference; lastKnownFileType = sourcecode.swift; path = HeaderView.swift; sourceTree = "<group>"; };
/* End PBXFileReference section */

/* Begin PBXFrameworksBuildPhase section */
		A1D0ACE12B4F110B0018FC1D /* Frameworks */ = {
			isa = PBXFrameworksBuildPhase;
			buildActionMask = 2147483647;
			files = (
				A1D8112D2B50185C006997EA /* FirebaseFirestore in Frameworks */,
				A1D811312B50185C006997EA /* FirebaseFirestoreSwift in Frameworks */,
				A1D811212B50185C006997EA /* FirebaseAuth in Frameworks */,
				A1D811472B50185C006997EA /* FirebaseStorage in Frameworks */,
			);
			runOnlyForDeploymentPostprocessing = 0;
		};
/* End PBXFrameworksBuildPhase section */

/* Begin PBXGroup section */
		A17C65C32B51837D00BD616E /* Components */ = {
			isa = PBXGroup;
			children = (
				A1D0AD0E2B4F33320018FC1D /* InputView.swift */,
				A1D8110B2B50100F006997EA /* SettingsRowView.swift */,
				A17C65C42B518D8F00BD616E /* SignInCustomButton.swift */,
				A18A83D02B52029F0026F308 /* PasswordConditionView.swift */,
            );
            path = Components;
            sourceTree = "<group>";
        };
		755A22632B4F26CF0039157C /* IBanDetail */ = {
			isa = PBXGroup;
			children = (
				75D780312B4F2ED700AA4202 /* Components */,
				75D7802F2B4F289400AA4202 /* IBanDetailView.swift */,
				75D780342B4F376F00AA4202 /* IBanNumberViewModel.swift */,
			);
			path = IBanDetail;
			sourceTree = "<group>";
		};
		75D780312B4F2ED700AA4202 /* Components */ = {
			isa = PBXGroup;
			children = (
				75D780322B4F2EEA00AA4202 /* IBanNumberView.swift */,
				75D780382B4F545700AA4202 /* AddIBanView.swift */,
				75D7803B2B500E5700AA4202 /* ActionButton.swift */,
				756DDC902B516DB3005AF1A5 /* LiveTextFromCameraScan.swift */,
			);
			path = Components;
			sourceTree = "<group>";
		};
		A18A83D32B52065C0026F308 /* ProfileView */ = {
			isa = PBXGroup;
			children = (
				A1D8110D2B5010FB006997EA /* ProfileView.swift */,
			);
			path = ProfileView;
			sourceTree = "<group>";
		};
		A18A83D62B52068A0026F308 /* RegistrationView */ = {
			isa = PBXGroup;
			children = (
				A1D0AD102B4F3B2D0018FC1D /* RegistrationView.swift */,
			);
			path = RegistrationView;
			sourceTree = "<group>";
		};
		A1D0ACDB2B4F110B0018FC1D = {
			isa = PBXGroup;
			children = (
				A1D0ACE62B4F110B0018FC1D /* IBanSaverApp */,
				A1D0ACE52B4F110B0018FC1D /* Products */,
			);
			sourceTree = "<group>";
		};
		A1D0ACE52B4F110B0018FC1D /* Products */ = {
			isa = PBXGroup;
			children = (
				A1D0ACE42B4F110B0018FC1D /* IBanSaverApp.app */,
			);
			name = Products;
			sourceTree = "<group>";
		};
		A1D0ACE62B4F110B0018FC1D /* IBanSaverApp */ = {
			isa = PBXGroup;
			children = (
				A1D0ACFF2B4F12820018FC1D /* App */,
				A1D0ACFB2B4F12490018FC1D /* Model */,
				A1D0ACFE2B4F12720018FC1D /* Scenes */,
				A1D0AD032B4F12E30018FC1D /* Managers */,
				A1D0AD002B4F129A0018FC1D /* Extensions */,
				A1D0ACF02B4F110D0018FC1D /* Assets.xcassets */,
				A1D811112B5016C8006997EA /* GoogleService-Info.plist */,
				A1D0ACF22B4F110D0018FC1D /* LaunchScreen.storyboard */,
				A1D0ACF52B4F110D0018FC1D /* Info.plist */,
			);
			path = IBanSaverApp;
			sourceTree = "<group>";
		};
		A1D0ACFB2B4F12490018FC1D /* Model */ = {
			isa = PBXGroup;
			children = (
				A1D0ACFC2B4F12580018FC1D /* Person.swift */,
				A1D8110F2B5012BC006997EA /* User.swift */,
			);
			path = Model;
			sourceTree = "<group>";
		};
		A1D0ACFE2B4F12720018FC1D /* Scenes */ = {
			isa = PBXGroup;
			children = (
				A1D0AD0B2B4F30860018FC1D /* LoginView */,
				A18A83D32B52065C0026F308 /* ProfileView */,
				A18A83D62B52068A0026F308 /* RegistrationView */,
				A17C65C32B51837D00BD616E /* Components */,
				D5F1E48E2B4F4A37002E47A0 /* PeopleList */,
				755A22632B4F26CF0039157C /* IBanDetail */,
				A1D0AD0A2B4F171D0018FC1D /* Test */,
			);
			path = Scenes;
			sourceTree = "<group>";
		};
		A1D0ACFF2B4F12820018FC1D /* App */ = {
			isa = PBXGroup;
			children = (
				A1D0ACE72B4F110B0018FC1D /* AppDelegate.swift */,
				A1D0ACE92B4F110B0018FC1D /* SceneDelegate.swift */,
			);
			path = App;
			sourceTree = "<group>";
		};
		A1D0AD002B4F129A0018FC1D /* Extensions */ = {
			isa = PBXGroup;
			children = (
				A1D0AD012B4F12AB0018FC1D /* Color.swift */,
				75D780362B4F3F5200AA4202 /* View.swift */,
			);
			path = Extensions;
			sourceTree = "<group>";
		};
		A1D0AD032B4F12E30018FC1D /* Managers */ = {
			isa = PBXGroup;
			children = (
				A1D0AD062B4F14410018FC1D /* FlowCoordinator.swift */,
				756DDC922B516FDA005AF1A5 /* DataScannerVC.swift */,
			);
			path = Managers;
			sourceTree = "<group>";
		};
		A1D0AD0A2B4F171D0018FC1D /* Test */ = {
			isa = PBXGroup;
			children = (
				A1D0ACEB2B4F110B0018FC1D /* ViewController.swift */,
				A1D0AD042B4F13300018FC1D /* TestView.swift */,
				F193DF2A2B5139BA00781D8D /* AddListViewModel.swift */,
				F193DF2C2B5139FB00781D8D /* AddListView.swift */,
				A1D0AD082B4F149D0018FC1D /* TestDetailView.swift */,
			);
			path = Test;
			sourceTree = "<group>";
		};
		A1D0AD0B2B4F30860018FC1D /* LoginView */ = {
			isa = PBXGroup;
			children = (
				A1D0AD0C2B4F310B0018FC1D /* LoginView.swift */,
				A18A83CE2B51FC9B0026F308 /* LoginRootView.swift */,
				A1D8114B2B501BAE006997EA /* LoginViewModel.swift */,
			);
			path = LoginView;
            sourceTree = "<group>";
            };
		D5F1E48E2B4F4A37002E47A0 /* PeopleList */ = {
			isa = PBXGroup;
			children = (
				D5F1E48F2B4F4A50002E47A0 /* PeopleListView.swift */,
				D5F1E4912B4F4A94002E47A0 /* PeopleListViewModel.swift */,
				D5F1E4972B50B37D002E47A0 /* Components */,
			);
			path = PeopleList;
			sourceTree = "<group>";
		};
		D5F1E4972B50B37D002E47A0 /* Components */ = {
			isa = PBXGroup;
			children = (
				D5F1E4952B508A71002E47A0 /* PersonView.swift */,
				D5F1E4982B50B394002E47A0 /* HeaderView.swift */,
			);
			path = Components;
			sourceTree = "<group>";
		};
/* End PBXGroup section */

/* Begin PBXNativeTarget section */
		A1D0ACE32B4F110B0018FC1D /* IBanSaverApp */ = {
			isa = PBXNativeTarget;
			buildConfigurationList = A1D0ACF82B4F110D0018FC1D /* Build configuration list for PBXNativeTarget "IBanSaverApp" */;
			buildPhases = (
				A1D0ACE02B4F110B0018FC1D /* Sources */,
				A1D0ACE12B4F110B0018FC1D /* Frameworks */,
				A1D0ACE22B4F110B0018FC1D /* Resources */,
			);
			buildRules = (
			);
			dependencies = (
			);
			name = IBanSaverApp;
			packageProductDependencies = (
				A1D811202B50185C006997EA /* FirebaseAuth */,
				A1D8112C2B50185C006997EA /* FirebaseFirestore */,
				A1D811302B50185C006997EA /* FirebaseFirestoreSwift */,
				A1D811462B50185C006997EA /* FirebaseStorage */,
			);
			productName = IBanSaverApp;
			productReference = A1D0ACE42B4F110B0018FC1D /* IBanSaverApp.app */;
			productType = "com.apple.product-type.application";
		};
/* End PBXNativeTarget section */

/* Begin PBXProject section */
		A1D0ACDC2B4F110B0018FC1D /* Project object */ = {
			isa = PBXProject;
			attributes = {
				BuildIndependentTargetsInParallel = 1;
				LastSwiftUpdateCheck = 1500;
				LastUpgradeCheck = 1500;
				TargetAttributes = {
					A1D0ACE32B4F110B0018FC1D = {
						CreatedOnToolsVersion = 15.0.1;
					};
				};
			};
			buildConfigurationList = A1D0ACDF2B4F110B0018FC1D /* Build configuration list for PBXProject "IBanSaverApp" */;
			compatibilityVersion = "Xcode 14.0";
			developmentRegion = en;
			hasScannedForEncodings = 0;
			knownRegions = (
				en,
				Base,
			);
			mainGroup = A1D0ACDB2B4F110B0018FC1D;
			packageReferences = (
				A1D811132B50185C006997EA /* XCRemoteSwiftPackageReference "firebase-ios-sdk" */,
			);
			productRefGroup = A1D0ACE52B4F110B0018FC1D /* Products */;
			projectDirPath = "";
			projectRoot = "";
			targets = (
				A1D0ACE32B4F110B0018FC1D /* IBanSaverApp */,
			);
		};
/* End PBXProject section */

/* Begin PBXResourcesBuildPhase section */
		A1D0ACE22B4F110B0018FC1D /* Resources */ = {
			isa = PBXResourcesBuildPhase;
			buildActionMask = 2147483647;
			files = (
				A1D0ACF42B4F110D0018FC1D /* LaunchScreen.storyboard in Resources */,
				A1D0ACF12B4F110D0018FC1D /* Assets.xcassets in Resources */,
				A1D811122B5016C8006997EA /* GoogleService-Info.plist in Resources */,
			);
			runOnlyForDeploymentPostprocessing = 0;
		};
/* End PBXResourcesBuildPhase section */

/* Begin PBXSourcesBuildPhase section */
		A1D0ACE02B4F110B0018FC1D /* Sources */ = {
			isa = PBXSourcesBuildPhase;
			buildActionMask = 2147483647;
			files = (
				A1D0AD112B4F3B2D0018FC1D /* RegistrationView.swift in Sources */,
				A1D8110E2B5010FB006997EA /* ProfileView.swift in Sources */,
				A17C65C52B518D8F00BD616E /* SignInCustomButton.swift in Sources */,
				75D780392B4F545700AA4202 /* AddIBanView.swift in Sources */,
				A1D0AD052B4F13300018FC1D /* TestView.swift in Sources */,
				75D780332B4F2EEA00AA4202 /* IBanNumberView.swift in Sources */,
				A1D0AD072B4F14410018FC1D /* FlowCoordinator.swift in Sources */,
				A1D0ACEC2B4F110B0018FC1D /* ViewController.swift in Sources */,
				A1D0AD0D2B4F310B0018FC1D /* LoginView.swift in Sources */,
				A1D811102B5012BC006997EA /* User.swift in Sources */,
				A1D0ACE82B4F110B0018FC1D /* AppDelegate.swift in Sources */,
				A1D8114C2B501BAE006997EA /* LoginViewModel.swift in Sources */,
				A1D0ACFD2B4F12580018FC1D /* Person.swift in Sources */,
				A18A83CF2B51FC9B0026F308 /* LoginRootView.swift in Sources */,
				A1D0AD092B4F149D0018FC1D /* TestDetailView.swift in Sources */,
				A1D8110C2B50100F006997EA /* SettingsRowView.swift in Sources */,
				A1D0AD0F2B4F33320018FC1D /* InputView.swift in Sources */,
				A1D0AD022B4F12AB0018FC1D /* Color.swift in Sources */,
				A18A83D12B52029F0026F308 /* PasswordConditionView.swift in Sources */,
				F193DF2D2B5139FB00781D8D /* AddListView.swift in Sources */,
				A1D0ACFD2B4F12580018FC1D /* Person.swift in Sources */,
				F193DF2B2B5139BA00781D8D /* AddListViewModel.swift in Sources */,
				D5F1E4922B4F4A94002E47A0 /* PeopleListViewModel.swift in Sources */,
				A1D0AD092B4F149D0018FC1D /* TestDetailView.swift in Sources */,
				D5F1E4992B50B394002E47A0 /* HeaderView.swift in Sources */,
				75D780302B4F289400AA4202 /* IBanDetailView.swift in Sources */,
				A1D0AD092B4F149D0018FC1D /* TestDetailView.swift in Sources */,
				75D780372B4F3F5200AA4202 /* View.swift in Sources */,
				756DDC912B516DB3005AF1A5 /* LiveTextFromCameraScan.swift in Sources */,
				756DDC932B516FDA005AF1A5 /* DataScannerVC.swift in Sources */,
				A1D0AD022B4F12AB0018FC1D /* Color.swift in Sources */,
				D5F1E4962B508A71002E47A0 /* PersonView.swift in Sources */,
				D5F1E4902B4F4A50002E47A0 /* PeopleListView.swift in Sources */,
				A1D0ACEA2B4F110B0018FC1D /* SceneDelegate.swift in Sources */,
				75D780352B4F376F00AA4202 /* IBanNumberViewModel.swift in Sources */,
				75D7803C2B500E5700AA4202 /* ActionButton.swift in Sources */,
			);
			runOnlyForDeploymentPostprocessing = 0;
		};
/* End PBXSourcesBuildPhase section */

/* Begin PBXVariantGroup section */
		A1D0ACF22B4F110D0018FC1D /* LaunchScreen.storyboard */ = {
			isa = PBXVariantGroup;
			children = (
				A1D0ACF32B4F110D0018FC1D /* Base */,
			);
			name = LaunchScreen.storyboard;
			sourceTree = "<group>";
		};
/* End PBXVariantGroup section */

/* Begin XCBuildConfiguration section */
		A1D0ACF62B4F110D0018FC1D /* Debug */ = {
			isa = XCBuildConfiguration;
			buildSettings = {
				ALWAYS_SEARCH_USER_PATHS = NO;
				ASSETCATALOG_COMPILER_GENERATE_SWIFT_ASSET_SYMBOL_EXTENSIONS = YES;
				CLANG_ANALYZER_NONNULL = YES;
				CLANG_ANALYZER_NUMBER_OBJECT_CONVERSION = YES_AGGRESSIVE;
				CLANG_CXX_LANGUAGE_STANDARD = "gnu++20";
				CLANG_ENABLE_MODULES = YES;
				CLANG_ENABLE_OBJC_ARC = YES;
				CLANG_ENABLE_OBJC_WEAK = YES;
				CLANG_WARN_BLOCK_CAPTURE_AUTORELEASING = YES;
				CLANG_WARN_BOOL_CONVERSION = YES;
				CLANG_WARN_COMMA = YES;
				CLANG_WARN_CONSTANT_CONVERSION = YES;
				CLANG_WARN_DEPRECATED_OBJC_IMPLEMENTATIONS = YES;
				CLANG_WARN_DIRECT_OBJC_ISA_USAGE = YES_ERROR;
				CLANG_WARN_DOCUMENTATION_COMMENTS = YES;
				CLANG_WARN_EMPTY_BODY = YES;
				CLANG_WARN_ENUM_CONVERSION = YES;
				CLANG_WARN_INFINITE_RECURSION = YES;
				CLANG_WARN_INT_CONVERSION = YES;
				CLANG_WARN_NON_LITERAL_NULL_CONVERSION = YES;
				CLANG_WARN_OBJC_IMPLICIT_RETAIN_SELF = YES;
				CLANG_WARN_OBJC_LITERAL_CONVERSION = YES;
				CLANG_WARN_OBJC_ROOT_CLASS = YES_ERROR;
				CLANG_WARN_QUOTED_INCLUDE_IN_FRAMEWORK_HEADER = YES;
				CLANG_WARN_RANGE_LOOP_ANALYSIS = YES;
				CLANG_WARN_STRICT_PROTOTYPES = YES;
				CLANG_WARN_SUSPICIOUS_MOVE = YES;
				CLANG_WARN_UNGUARDED_AVAILABILITY = YES_AGGRESSIVE;
				CLANG_WARN_UNREACHABLE_CODE = YES;
				CLANG_WARN__DUPLICATE_METHOD_MATCH = YES;
				COPY_PHASE_STRIP = NO;
				DEBUG_INFORMATION_FORMAT = dwarf;
				ENABLE_STRICT_OBJC_MSGSEND = YES;
				ENABLE_TESTABILITY = YES;
				ENABLE_USER_SCRIPT_SANDBOXING = YES;
				GCC_C_LANGUAGE_STANDARD = gnu17;
				GCC_DYNAMIC_NO_PIC = NO;
				GCC_NO_COMMON_BLOCKS = YES;
				GCC_OPTIMIZATION_LEVEL = 0;
				GCC_PREPROCESSOR_DEFINITIONS = (
					"DEBUG=1",
					"$(inherited)",
				);
				GCC_WARN_64_TO_32_BIT_CONVERSION = YES;
				GCC_WARN_ABOUT_RETURN_TYPE = YES_ERROR;
				GCC_WARN_UNDECLARED_SELECTOR = YES;
				GCC_WARN_UNINITIALIZED_AUTOS = YES_AGGRESSIVE;
				GCC_WARN_UNUSED_FUNCTION = YES;
				GCC_WARN_UNUSED_VARIABLE = YES;
				IPHONEOS_DEPLOYMENT_TARGET = 17.0;
				LOCALIZATION_PREFERS_STRING_CATALOGS = YES;
				MTL_ENABLE_DEBUG_INFO = INCLUDE_SOURCE;
				MTL_FAST_MATH = YES;
				ONLY_ACTIVE_ARCH = YES;
				SDKROOT = iphoneos;
				SWIFT_ACTIVE_COMPILATION_CONDITIONS = "DEBUG $(inherited)";
				SWIFT_OPTIMIZATION_LEVEL = "-Onone";
			};
			name = Debug;
		};
		A1D0ACF72B4F110D0018FC1D /* Release */ = {
			isa = XCBuildConfiguration;
			buildSettings = {
				ALWAYS_SEARCH_USER_PATHS = NO;
				ASSETCATALOG_COMPILER_GENERATE_SWIFT_ASSET_SYMBOL_EXTENSIONS = YES;
				CLANG_ANALYZER_NONNULL = YES;
				CLANG_ANALYZER_NUMBER_OBJECT_CONVERSION = YES_AGGRESSIVE;
				CLANG_CXX_LANGUAGE_STANDARD = "gnu++20";
				CLANG_ENABLE_MODULES = YES;
				CLANG_ENABLE_OBJC_ARC = YES;
				CLANG_ENABLE_OBJC_WEAK = YES;
				CLANG_WARN_BLOCK_CAPTURE_AUTORELEASING = YES;
				CLANG_WARN_BOOL_CONVERSION = YES;
				CLANG_WARN_COMMA = YES;
				CLANG_WARN_CONSTANT_CONVERSION = YES;
				CLANG_WARN_DEPRECATED_OBJC_IMPLEMENTATIONS = YES;
				CLANG_WARN_DIRECT_OBJC_ISA_USAGE = YES_ERROR;
				CLANG_WARN_DOCUMENTATION_COMMENTS = YES;
				CLANG_WARN_EMPTY_BODY = YES;
				CLANG_WARN_ENUM_CONVERSION = YES;
				CLANG_WARN_INFINITE_RECURSION = YES;
				CLANG_WARN_INT_CONVERSION = YES;
				CLANG_WARN_NON_LITERAL_NULL_CONVERSION = YES;
				CLANG_WARN_OBJC_IMPLICIT_RETAIN_SELF = YES;
				CLANG_WARN_OBJC_LITERAL_CONVERSION = YES;
				CLANG_WARN_OBJC_ROOT_CLASS = YES_ERROR;
				CLANG_WARN_QUOTED_INCLUDE_IN_FRAMEWORK_HEADER = YES;
				CLANG_WARN_RANGE_LOOP_ANALYSIS = YES;
				CLANG_WARN_STRICT_PROTOTYPES = YES;
				CLANG_WARN_SUSPICIOUS_MOVE = YES;
				CLANG_WARN_UNGUARDED_AVAILABILITY = YES_AGGRESSIVE;
				CLANG_WARN_UNREACHABLE_CODE = YES;
				CLANG_WARN__DUPLICATE_METHOD_MATCH = YES;
				COPY_PHASE_STRIP = NO;
				DEBUG_INFORMATION_FORMAT = "dwarf-with-dsym";
				ENABLE_NS_ASSERTIONS = NO;
				ENABLE_STRICT_OBJC_MSGSEND = YES;
				ENABLE_USER_SCRIPT_SANDBOXING = YES;
				GCC_C_LANGUAGE_STANDARD = gnu17;
				GCC_NO_COMMON_BLOCKS = YES;
				GCC_WARN_64_TO_32_BIT_CONVERSION = YES;
				GCC_WARN_ABOUT_RETURN_TYPE = YES_ERROR;
				GCC_WARN_UNDECLARED_SELECTOR = YES;
				GCC_WARN_UNINITIALIZED_AUTOS = YES_AGGRESSIVE;
				GCC_WARN_UNUSED_FUNCTION = YES;
				GCC_WARN_UNUSED_VARIABLE = YES;
				IPHONEOS_DEPLOYMENT_TARGET = 17.0;
				LOCALIZATION_PREFERS_STRING_CATALOGS = YES;
				MTL_ENABLE_DEBUG_INFO = NO;
				MTL_FAST_MATH = YES;
				SDKROOT = iphoneos;
				SWIFT_COMPILATION_MODE = wholemodule;
				VALIDATE_PRODUCT = YES;
			};
			name = Release;
		};
		A1D0ACF92B4F110D0018FC1D /* Debug */ = {
			isa = XCBuildConfiguration;
			buildSettings = {
				ASSETCATALOG_COMPILER_APPICON_NAME = AppIcon;
				ASSETCATALOG_COMPILER_GLOBAL_ACCENT_COLOR_NAME = AccentColor;
				CODE_SIGN_STYLE = Automatic;
				CURRENT_PROJECT_VERSION = 1;
				DEVELOPMENT_TEAM = 69GK54W8ZW;
				GENERATE_INFOPLIST_FILE = YES;
				INFOPLIST_FILE = IBanSaverApp/Info.plist;
				INFOPLIST_KEY_NSCameraUsageDescription = "Camera Access Request: To facilitate the scanning of IBANs, please allow camera usage";
				INFOPLIST_KEY_UIApplicationSupportsIndirectInputEvents = YES;
				INFOPLIST_KEY_UILaunchStoryboardName = LaunchScreen;
				INFOPLIST_KEY_UISupportedInterfaceOrientations_iPad = "UIInterfaceOrientationPortrait UIInterfaceOrientationPortraitUpsideDown UIInterfaceOrientationLandscapeLeft UIInterfaceOrientationLandscapeRight";
				INFOPLIST_KEY_UISupportedInterfaceOrientations_iPhone = "UIInterfaceOrientationPortrait UIInterfaceOrientationLandscapeLeft UIInterfaceOrientationLandscapeRight";
				IPHONEOS_DEPLOYMENT_TARGET = 16.0;
				LD_RUNPATH_SEARCH_PATHS = (
					"$(inherited)",
					"@executable_path/Frameworks",
				);
				MARKETING_VERSION = 1.0;
				PRODUCT_BUNDLE_IDENTIFIER = test.ge.IBanSaverApp;
				PRODUCT_NAME = "$(TARGET_NAME)";
				SWIFT_EMIT_LOC_STRINGS = YES;
				SWIFT_VERSION = 5.0;
				TARGETED_DEVICE_FAMILY = "1,2";
			};
			name = Debug;
		};
		A1D0ACFA2B4F110D0018FC1D /* Release */ = {
			isa = XCBuildConfiguration;
			buildSettings = {
				ASSETCATALOG_COMPILER_APPICON_NAME = AppIcon;
				ASSETCATALOG_COMPILER_GLOBAL_ACCENT_COLOR_NAME = AccentColor;
				CODE_SIGN_STYLE = Automatic;
				CURRENT_PROJECT_VERSION = 1;
				DEVELOPMENT_TEAM = 69GK54W8ZW;
				GENERATE_INFOPLIST_FILE = YES;
				INFOPLIST_FILE = IBanSaverApp/Info.plist;
				INFOPLIST_KEY_NSCameraUsageDescription = "Camera Access Request: To facilitate the scanning of IBANs, please allow camera usage";
				INFOPLIST_KEY_UIApplicationSupportsIndirectInputEvents = YES;
				INFOPLIST_KEY_UILaunchStoryboardName = LaunchScreen;
				INFOPLIST_KEY_UISupportedInterfaceOrientations_iPad = "UIInterfaceOrientationPortrait UIInterfaceOrientationPortraitUpsideDown UIInterfaceOrientationLandscapeLeft UIInterfaceOrientationLandscapeRight";
				INFOPLIST_KEY_UISupportedInterfaceOrientations_iPhone = "UIInterfaceOrientationPortrait UIInterfaceOrientationLandscapeLeft UIInterfaceOrientationLandscapeRight";
				IPHONEOS_DEPLOYMENT_TARGET = 16.0;
				LD_RUNPATH_SEARCH_PATHS = (
					"$(inherited)",
					"@executable_path/Frameworks",
				);
				MARKETING_VERSION = 1.0;
				PRODUCT_BUNDLE_IDENTIFIER = test.ge.IBanSaverApp;
				PRODUCT_NAME = "$(TARGET_NAME)";
				SWIFT_EMIT_LOC_STRINGS = YES;
				SWIFT_VERSION = 5.0;
				TARGETED_DEVICE_FAMILY = "1,2";
			};
			name = Release;
		};
/* End XCBuildConfiguration section */

/* Begin XCConfigurationList section */
		A1D0ACDF2B4F110B0018FC1D /* Build configuration list for PBXProject "IBanSaverApp" */ = {
			isa = XCConfigurationList;
			buildConfigurations = (
				A1D0ACF62B4F110D0018FC1D /* Debug */,
				A1D0ACF72B4F110D0018FC1D /* Release */,
			);
			defaultConfigurationIsVisible = 0;
			defaultConfigurationName = Release;
		};
		A1D0ACF82B4F110D0018FC1D /* Build configuration list for PBXNativeTarget "IBanSaverApp" */ = {
			isa = XCConfigurationList;
			buildConfigurations = (
				A1D0ACF92B4F110D0018FC1D /* Debug */,
				A1D0ACFA2B4F110D0018FC1D /* Release */,
			);
			defaultConfigurationIsVisible = 0;
			defaultConfigurationName = Release;
		};
/* End XCConfigurationList section */

/* Begin XCRemoteSwiftPackageReference section */
		A1D811132B50185C006997EA /* XCRemoteSwiftPackageReference "firebase-ios-sdk" */ = {
			isa = XCRemoteSwiftPackageReference;
			repositoryURL = "https://github.com/firebase/firebase-ios-sdk";
			requirement = {
				kind = upToNextMajorVersion;
				minimumVersion = 10.19.1;
			};
		};
/* End XCRemoteSwiftPackageReference section */

/* Begin XCSwiftPackageProductDependency section */
		A1D811202B50185C006997EA /* FirebaseAuth */ = {
			isa = XCSwiftPackageProductDependency;
			package = A1D811132B50185C006997EA /* XCRemoteSwiftPackageReference "firebase-ios-sdk" */;
			productName = FirebaseAuth;
		};
		A1D8112C2B50185C006997EA /* FirebaseFirestore */ = {
			isa = XCSwiftPackageProductDependency;
			package = A1D811132B50185C006997EA /* XCRemoteSwiftPackageReference "firebase-ios-sdk" */;
			productName = FirebaseFirestore;
		};
		A1D811302B50185C006997EA /* FirebaseFirestoreSwift */ = {
			isa = XCSwiftPackageProductDependency;
			package = A1D811132B50185C006997EA /* XCRemoteSwiftPackageReference "firebase-ios-sdk" */;
			productName = FirebaseFirestoreSwift;
		};
		A1D811462B50185C006997EA /* FirebaseStorage */ = {
			isa = XCSwiftPackageProductDependency;
			package = A1D811132B50185C006997EA /* XCRemoteSwiftPackageReference "firebase-ios-sdk" */;
			productName = FirebaseStorage;
		};
/* End XCSwiftPackageProductDependency section */
	};
	rootObject = A1D0ACDC2B4F110B0018FC1D /* Project object */;
}
